
Microsoft Visual Studio Solution File, Format Version 12.00
# Visual Studio 2013
VisualStudioVersion = 12.0.31101.0
MinimumVisualStudioVersion = 10.0.40219.1
Project("{FAE04EC0-301F-11D3-BF4B-00C04F79EFBC}") = "BBQ", "BBQ\BBQ.csproj", "{55262204-74DF-4755-A98B-8E104683BB74}"
EndProject
Project("{FAE04EC0-301F-11D3-BF4B-00C04F79EFBC}") = "BBQ.Tests", "BBQ.Tests\BBQ.Tests.csproj", "{F58C3423-5AB6-4220-A860-5E63A7DC456D}"
EndProject
Project("{FAE04EC0-301F-11D3-BF4B-00C04F79EFBC}") = "BBQ.Model", "BBQ.Model\BBQ.Model.csproj", "{8593A51F-6B35-4809-A4D4-D052A5194C4E}"
EndProject
Project("{FAE04EC0-301F-11D3-BF4B-00C04F79EFBC}") = "BBQ.Repository", "BBQ.Repository\BBQ.Repository.csproj", "{B4E92399-A801-4A27-9AB1-D6D1752402DF}"
EndProject
Project("{FAE04EC0-301F-11D3-BF4B-00C04F79EFBC}") = "BBQSauce", "BBQSauce\BBQSauce.csproj", "{923A7FAC-5DD2-48ED-90EB-71533979E6C6}"
EndProject
Project("{FAE04EC0-301F-11D3-BF4B-00C04F79EFBC}") = "BBQSauce.Test", "BBQSauce.Test\BBQSauce.Test.csproj", "{7B9155E4-DC22-4F9A-A9D7-F339C6AB11A6}"
EndProject
Global
	GlobalSection(SolutionConfigurationPlatforms) = preSolution
		Debug|Any CPU = Debug|Any CPU
		Release|Any CPU = Release|Any CPU
	EndGlobalSection
	GlobalSection(ProjectConfigurationPlatforms) = postSolution
		{55262204-74DF-4755-A98B-8E104683BB74}.Debug|Any CPU.ActiveCfg = Debug|Any CPU
		{55262204-74DF-4755-A98B-8E104683BB74}.Debug|Any CPU.Build.0 = Debug|Any CPU
		{55262204-74DF-4755-A98B-8E104683BB74}.Release|Any CPU.ActiveCfg = Release|Any CPU
		{55262204-74DF-4755-A98B-8E104683BB74}.Release|Any CPU.Build.0 = Release|Any CPU
		{F58C3423-5AB6-4220-A860-5E63A7DC456D}.Debug|Any CPU.ActiveCfg = Debug|Any CPU
		{F58C3423-5AB6-4220-A860-5E63A7DC456D}.Debug|Any CPU.Build.0 = Debug|Any CPU
		{F58C3423-5AB6-4220-A860-5E63A7DC456D}.Release|Any CPU.ActiveCfg = Release|Any CPU
		{F58C3423-5AB6-4220-A860-5E63A7DC456D}.Release|Any CPU.Build.0 = Release|Any CPU
		{8593A51F-6B35-4809-A4D4-D052A5194C4E}.Debug|Any CPU.ActiveCfg = Debug|Any CPU
		{8593A51F-6B35-4809-A4D4-D052A5194C4E}.Debug|Any CPU.Build.0 = Debug|Any CPU
		{8593A51F-6B35-4809-A4D4-D052A5194C4E}.Release|Any CPU.ActiveCfg = Release|Any CPU
		{8593A51F-6B35-4809-A4D4-D052A5194C4E}.Release|Any CPU.Build.0 = Release|Any CPU
		{B4E92399-A801-4A27-9AB1-D6D1752402DF}.Debug|Any CPU.ActiveCfg = Debug|Any CPU
		{B4E92399-A801-4A27-9AB1-D6D1752402DF}.Debug|Any CPU.Build.0 = Debug|Any CPU
		{B4E92399-A801-4A27-9AB1-D6D1752402DF}.Release|Any CPU.ActiveCfg = Release|Any CPU
		{B4E92399-A801-4A27-9AB1-D6D1752402DF}.Release|Any CPU.Build.0 = Release|Any CPU
		{923A7FAC-5DD2-48ED-90EB-71533979E6C6}.Debug|Any CPU.ActiveCfg = Debug|Any CPU
		{923A7FAC-5DD2-48ED-90EB-71533979E6C6}.Debug|Any CPU.Build.0 = Debug|Any CPU
		{923A7FAC-5DD2-48ED-90EB-71533979E6C6}.Release|Any CPU.ActiveCfg = Release|Any CPU
		{923A7FAC-5DD2-48ED-90EB-71533979E6C6}.Release|Any CPU.Build.0 = Release|Any CPU
		{7B9155E4-DC22-4F9A-A9D7-F339C6AB11A6}.Debug|Any CPU.ActiveCfg = Debug|Any CPU
		{7B9155E4-DC22-4F9A-A9D7-F339C6AB11A6}.Debug|Any CPU.Build.0 = Debug|Any CPU
		{7B9155E4-DC22-4F9A-A9D7-F339C6AB11A6}.Release|Any CPU.ActiveCfg = Release|Any CPU
		{7B9155E4-DC22-4F9A-A9D7-F339C6AB11A6}.Release|Any CPU.Build.0 = Release|Any CPU
	EndGlobalSection
	GlobalSection(SolutionProperties) = preSolution
		HideSolutionNode = FALSE
	EndGlobalSection
EndGlobal
